<?xml version="1.0" encoding="UTF-8" standalone="yes" ?>
<CodeBlocks_project_file>
	<FileVersion major="1" minor="6" />
	<Project>
		<Option title="treball-recerca" />
		<Option makefile="makefile" />
		<Option makefile_is_custom="1" />
		<Option pch_mode="2" />
		<Option compiler="gcc" />
		<Build>
			<Target title="opengl">
				<Option output="bin/program" prefix_auto="1" extension_auto="1" />
				<Option object_output="obj/" />
				<Option type="1" />
				<Option compiler="gcc" />
				<Option use_console_runner="0" />
				<Compiler>
					<Add option="-g" />
				</Compiler>
				<MakeCommands>
					<Build command="$make -f $makefile $target" />
					<CompileFile command="$make -f $makefile $file" />
					<Clean command="$make -f $makefile cleanwindows" />
					<DistClean command="$make -f $makefile distclean$target" />
					<AskRebuildNeeded command="$make -q -f $makefile $target" />
					<SilentBuild command="$make -f $makefile $target &gt; $(CMD_NULL)" />
				</MakeCommands>
			</Target>
			<Target title="trgl">
				<Option output="bin/program" prefix_auto="1" extension_auto="1" />
				<Option type="1" />
				<Option compiler="gcc" />
				<Option use_console_runner="0" />
			</Target>
		</Build>
		<Compiler>
			<Add option="-Wall" />
		</Compiler>
		<Unit filename="src/Examples.c">
			<Option compilerVar="CC" />
		</Unit>
		<Unit filename="src/Examples.h" />
		<Unit filename="src/Init.c">
			<Option compilerVar="CC" />
		</Unit>
		<Unit filename="src/Init.h" />
		<Unit filename="src/Objects.c">
			<Option compilerVar="CC" />
		</Unit>
		<Unit filename="src/Objects.h" />
		<Unit filename="src/Renderer.c">
			<Option compilerVar="CC" />
		</Unit>
		<Unit filename="src/Renderer.h" />
		<Unit filename="src/TRGL/Execute.c">
			<Option compilerVar="CC" />
		</Unit>
		<Unit filename="src/TRGL/Execute.h" />
		<Unit filename="src/TRGL/List.c">
			<Option compilerVar="CC" />
		</Unit>
		<Unit filename="src/TRGL/List.h" />
		<Unit filename="src/TRGL/Matrix.c">
			<Option compilerVar="CC" />
		</Unit>
		<Unit filename="src/TRGL/Matrix.h" />
		<Unit filename="src/TRGL/Model.h" />
		<Unit filename="src/TRGL/Node.c">
			<Option compilerVar="CC" />
		</Unit>
		<Unit filename="src/TRGL/Node.h" />
		<Unit filename="src/TRGL/Scanner.c">
			<Option compilerVar="CC" />
		</Unit>
		<Unit filename="src/TRGL/Scanner.h" />
		<Unit filename="src/TRGL/Stack.c">
			<Option compilerVar="CC" />
		</Unit>
		<Unit filename="src/TRGL/Stack.h" />
		<Unit filename="src/TRGL/TRGL.h" />
		<Unit filename="src/main.c">
			<Option compilerVar="CC" />
		</Unit>
		<Unit filename="src/main.h" />
		<Extensions>
			<code_completion />
			<envvars />
			<debugger />
			<lib_finder disable_auto="1" />
		</Extensions>
	</Project>
</CodeBlocks_project_file>
